{
  "requires": true,
  "lockfileVersion": 1,
  "dependencies": {
    "date-fns": {
      "version": "2.15.0",
      "resolved": "https://registry.npmjs.org/date-fns/-/date-fns-2.15.0.tgz",
      "integrity": "sha512-ZCPzAMJZn3rNUvvQIMlXhDr4A+Ar07eLeGsGREoWU19a3Pqf5oYa+ccd+B3F6XVtQY6HANMFdOQ8A+ipFnvJdQ=="
    },
    "date-format-parse": {
      "version": "0.2.5",
      "resolved": "https://registry.npmjs.org/date-format-parse/-/date-format-parse-0.2.5.tgz",
      "integrity": "sha512-PzvB3p9bTxrGQbz3ZlO/kxgXzKZhMo4l0OQfPqVYjuwixHRS9yHH6cUJI9JG2Hh6iUQgh17T7w95lzQ131dS/g=="
    },
    "vue2-datepicker": {
      "version": "3.6.2",
      "resolved": "https://registry.npmjs.org/vue2-datepicker/-/vue2-datepicker-3.6.2.tgz",
      "integrity": "sha512-J2fCwUmCxIOPUvwQ12e8evFY9cCv6vJmgxRD9fGeUv6JeMMeLwkdpeQZOcqbMf/4mk1cSrY2/9Fr8DaB30LBpA==",
      "requires": {
        "date-fns": "^2.0.1",
        "date-format-parse": "^0.2.5"
      }
    }
  }
}
